// !$*UTF8*$!
{
	archiveVersion = 1;
	classes = {
	};
	objectVersion = 46;
	objects = {

/* Begin PBXBuildFile section */
		57019F701685C042007FA38F /* QuartzCore.framework in Frameworks */ = {isa = PBXBuildFile; fileRef = 57019F6F1685C042007FA38F /* QuartzCore.framework */; };
		57019F721685C086007FA38F /* AudioToolbox.framework in Frameworks */ = {isa = PBXBuildFile; fileRef = 57019F711685C086007FA38F /* AudioToolbox.framework */; };
		57019F751685C152007FA38F /* SoundMan.m in Sources */ = {isa = PBXBuildFile; fileRef = 57019F741685C152007FA38F /* SoundMan.m */; };
		57019F7A1685CCC7007FA38F /* Sound.m in Sources */ = {isa = PBXBuildFile; fileRef = 57019F791685CCC7007FA38F /* Sound.m */; };
		570665F4167F3D3F0081B8C3 /* squareTest.tif in Resources */ = {isa = PBXBuildFile; fileRef = 570665F3167F3D3F0081B8C3 /* squareTest.tif */; };
		570665FE167F89640081B8C3 /* MenuView.m in Sources */ = {isa = PBXBuildFile; fileRef = 570665FD167F89640081B8C3 /* MenuView.m */; };
		5717F94B167EBFAC00D8054B /* Plane.m in Sources */ = {isa = PBXBuildFile; fileRef = 571ECFCA167BF31D00727A30 /* Plane.m */; };
		571A42FE167C315700CD7E8F /* Graph.m in Sources */ = {isa = PBXBuildFile; fileRef = 571A42FD167C315600CD7E8F /* Graph.m */; };
		571ECF9D167BE2CE00727A30 /* Tween.m in Sources */ = {isa = PBXBuildFile; fileRef = 571ECF9A167BE2CE00727A30 /* Tween.m */; };
		571ECF9E167BE2CE00727A30 /* Tweener.m in Sources */ = {isa = PBXBuildFile; fileRef = 571ECF9C167BE2CE00727A30 /* Tweener.m */; };
		571ECFC2167BEA5E00727A30 /* aotk-ass-outline-512.tif in Resources */ = {isa = PBXBuildFile; fileRef = 571ECFC1167BEA5E00727A30 /* aotk-ass-outline-512.tif */; };
		571ECFC4167BEC3B00727A30 /* aotk-ass-bare-512.tif in Resources */ = {isa = PBXBuildFile; fileRef = 571ECFC3167BEC3B00727A30 /* aotk-ass-bare-512.tif */; };
		572198921685381C0062C36F /* TrackView.m in Sources */ = {isa = PBXBuildFile; fileRef = 572198911685381C0062C36F /* TrackView.m */; };
		5721989616853F9E0062C36F /* View.m in Sources */ = {isa = PBXBuildFile; fileRef = 5721989516853F9D0062C36F /* View.m */; };
		572D7F2E16832749006D48BF /* SimpleImage.m in Sources */ = {isa = PBXBuildFile; fileRef = 572D7F2D16832749006D48BF /* SimpleImage.m */; };
		572EB1FD16786C630062F290 /* Alex.png in Resources */ = {isa = PBXBuildFile; fileRef = 572EB1E316786C630062F290 /* Alex.png */; };
		572EB1FE16786C630062F290 /* Default-568h@2x.png in Resources */ = {isa = PBXBuildFile; fileRef = 572EB1E416786C630062F290 /* Default-568h@2x.png */; };
		572EB1FF16786C630062F290 /* Default.png in Resources */ = {isa = PBXBuildFile; fileRef = 572EB1E516786C630062F290 /* Default.png */; };
		572EB20016786C630062F290 /* Default@2x.png in Resources */ = {isa = PBXBuildFile; fileRef = 572EB1E616786C630062F290 /* Default@2x.png */; };
		572EB20116786C630062F290 /* faded.png in Resources */ = {isa = PBXBuildFile; fileRef = 572EB1E716786C630062F290 /* faded.png */; };
		572EB20216786C630062F290 /* audioProp.png in Resources */ = {isa = PBXBuildFile; fileRef = 572EB1E916786C630062F290 /* audioProp.png */; };
		572EB20316786C630062F290 /* mood.png in Resources */ = {isa = PBXBuildFile; fileRef = 572EB1EA16786C630062F290 /* mood.png */; };
		572EB20416786C630062F290 /* newModel.png in Resources */ = {isa = PBXBuildFile; fileRef = 572EB1EB16786C630062F290 /* newModel.png */; };
		572EB20516786C630062F290 /* photo.png in Resources */ = {isa = PBXBuildFile; fileRef = 572EB1EC16786C630062F290 /* photo.png */; };
		572EB20616786C630062F290 /* text.png in Resources */ = {isa = PBXBuildFile; fileRef = 572EB1ED16786C630062F290 /* text.png */; };
		572EB20716786C630062F290 /* InfoPlist.strings in Resources */ = {isa = PBXBuildFile; fileRef = 572EB1EF16786C630062F290 /* InfoPlist.strings */; };
		572EB20816786C630062F290 /* MainStoryboard_iPad.storyboard in Resources */ = {isa = PBXBuildFile; fileRef = 572EB1F016786C630062F290 /* MainStoryboard_iPad.storyboard */; };
		572EB20916786C630062F290 /* MainStoryboard_iPhone.storyboard in Resources */ = {isa = PBXBuildFile; fileRef = 572EB1F116786C630062F290 /* MainStoryboard_iPhone.storyboard */; };
		572EB20F16786C630062F290 /* TGAppDelegate.m in Sources */ = {isa = PBXBuildFile; fileRef = 572EB1FA16786C630062F290 /* TGAppDelegate.m */; };
		572EB21016786C630062F290 /* TGViewController.m in Sources */ = {isa = PBXBuildFile; fileRef = 572EB1FC16786C630062F290 /* TGViewController.m */; };
		572EB213167878FD0062F290 /* Node.m in Sources */ = {isa = PBXBuildFile; fileRef = 572EB212167878FD0062F290 /* Node.m */; };
		572EB21A16787AFF0062F290 /* __Shader.m in Sources */ = {isa = PBXBuildFile; fileRef = 572EB21916787AFF0062F290 /* __Shader.m */; };
		572EB21F16788D170062F290 /* MeshBuffer.m in Sources */ = {isa = PBXBuildFile; fileRef = 572EB21E16788D170062F290 /* MeshBuffer.m */; };
		572EB2261678BBCA0062F290 /* TG3dObject.m in Sources */ = {isa = PBXBuildFile; fileRef = 572EB2251678BBCA0062F290 /* TG3dObject.m */; };
		572EB2291678BF740062F290 /* Camera.m in Sources */ = {isa = PBXBuildFile; fileRef = 572EB2281678BF740062F290 /* Camera.m */; };
		572EB2351679EAE40062F290 /* ShaderLocations.m in Sources */ = {isa = PBXBuildFile; fileRef = 572EB2341679EAE40062F290 /* ShaderLocations.m */; };
		572EB27F167A9B160062F290 /* menus.plist in Resources */ = {isa = PBXBuildFile; fileRef = 572EB27E167A9B160062F290 /* menus.plist */; };
		572EB290167AC0020062F290 /* fountain.fsh in Resources */ = {isa = PBXBuildFile; fileRef = 572EB1F416786C630062F290 /* fountain.fsh */; };
		572EB291167AC0020062F290 /* fountain.vsh in Resources */ = {isa = PBXBuildFile; fileRef = 572EB1F516786C630062F290 /* fountain.vsh */; };
		572EB292167AC0020062F290 /* hump.fsh in Resources */ = {isa = PBXBuildFile; fileRef = 572EB1F616786C630062F290 /* hump.fsh */; };
		572EB293167AC0020062F290 /* hump.vsh in Resources */ = {isa = PBXBuildFile; fileRef = 572EB1F716786C630062F290 /* hump.vsh */; };
		5764756C167D5E8C00D5A431 /* __GenericShader.m in Sources */ = {isa = PBXBuildFile; fileRef = 5764756B167D5E8C00D5A431 /* __GenericShader.m */; };
		57647571167D619800D5A431 /* Generic.m in Sources */ = {isa = PBXBuildFile; fileRef = 57647570167D619800D5A431 /* Generic.m */; };
		57647577167D97EC00D5A431 /* generic.fsh in Resources */ = {isa = PBXBuildFile; fileRef = 57647574167D7C4A00D5A431 /* generic.fsh */; };
		57647578167D97EC00D5A431 /* generic.vsh in Resources */ = {isa = PBXBuildFile; fileRef = 57647572167D7C3C00D5A431 /* generic.vsh */; };
		576F8AC7167E92C000DF208E /* VaryingColor.m in Sources */ = {isa = PBXBuildFile; fileRef = 57A66EF5167B374500B9EA75 /* VaryingColor.m */; };
		57718EF816838D75001D7D35 /* CustomPlane.m in Sources */ = {isa = PBXBuildFile; fileRef = 57718EF716838D75001D7D35 /* CustomPlane.m */; };
		57900684168411660068659F /* Factory.m in Sources */ = {isa = PBXBuildFile; fileRef = 57900683168411650068659F /* Factory.m */; };
		57A10E9A1685E0BE00B80314 /* TG1Band-perc-24k.aif in Resources */ = {isa = PBXBuildFile; fileRef = 57A10E981685E0BE00B80314 /* TG1Band-perc-24k.aif */; };
		57A10E9B1685E0BE00B80314 /* TG1Band-pitched-24k.aif in Resources */ = {isa = PBXBuildFile; fileRef = 57A10E991685E0BE00B80314 /* TG1Band-pitched-24k.aif */; };
		57A66EED167B1D1C00B9EA75 /* Texture.m in Sources */ = {isa = PBXBuildFile; fileRef = 57A66EEC167B1D1C00B9EA75 /* Texture.m */; };
		57A66EEF167B293E00B9EA75 /* aotk_tex_64.png in Resources */ = {isa = PBXBuildFile; fileRef = 57A66EEE167B293E00B9EA75 /* aotk_tex_64.png */; };
		57CAF78516891EDB00459353 /* libc++.dylib in Frameworks */ = {isa = PBXBuildFile; fileRef = 57CAF78416891EDA00459353 /* libc++.dylib */; };
		57CCFFC216849337003B4A19 /* Text.m in Sources */ = {isa = PBXBuildFile; fileRef = 57CCFFC116849336003B4A19 /* Text.m */; };
		57DDE233168841680066A754 /* TGAmb1-32k.aif in Resources */ = {isa = PBXBuildFile; fileRef = 57DDE231168841680066A754 /* TGAmb1-32k.aif */; };
		57DDE234168841680066A754 /* TGAmb2-32k.aif in Resources */ = {isa = PBXBuildFile; fileRef = 57DDE232168841680066A754 /* TGAmb2-32k.aif */; };
		57DDE237168842C00066A754 /* TGAmb3-32k.aif in Resources */ = {isa = PBXBuildFile; fileRef = 57DDE236168842C00066A754 /* TGAmb3-32k.aif */; };
		57E62E67168433100030908E /* Photo.m in Sources */ = {isa = PBXBuildFile; fileRef = 57E62E66168433100030908E /* Photo.m */; };
		57E7465E1680438300C1D4FF /* EventCapture.m in Sources */ = {isa = PBXBuildFile; fileRef = 57E7465D1680438300C1D4FF /* EventCapture.m */; };
		57E874F816782894008243B2 /* UIKit.framework in Frameworks */ = {isa = PBXBuildFile; fileRef = 57E874F716782894008243B2 /* UIKit.framework */; };
		57E874FA16782894008243B2 /* Foundation.framework in Frameworks */ = {isa = PBXBuildFile; fileRef = 57E874F916782894008243B2 /* Foundation.framework */; };
		57E874FC16782894008243B2 /* CoreGraphics.framework in Frameworks */ = {isa = PBXBuildFile; fileRef = 57E874FB16782894008243B2 /* CoreGraphics.framework */; };
		57E874FE16782894008243B2 /* GLKit.framework in Frameworks */ = {isa = PBXBuildFile; fileRef = 57E874FD16782894008243B2 /* GLKit.framework */; };
		57E8750016782894008243B2 /* OpenGLES.framework in Frameworks */ = {isa = PBXBuildFile; fileRef = 57E874FF16782894008243B2 /* OpenGLES.framework */; };
		57E8750816782894008243B2 /* main.m in Sources */ = {isa = PBXBuildFile; fileRef = 57E8750716782894008243B2 /* main.m */; };
		57E87526167829BB008243B2 /* Alex-icon.png in Resources */ = {isa = PBXBuildFile; fileRef = 57E87525167829BB008243B2 /* Alex-icon.png */; };
		57F412F3168167F700D9DC67 /* Sphere.m in Sources */ = {isa = PBXBuildFile; fileRef = 57F412F2168167F700D9DC67 /* Sphere.m */; };
		57F412FC1681E7D300D9DC67 /* js_import.html in Resources */ = {isa = PBXBuildFile; fileRef = 57F412FB1681E7D200D9DC67 /* js_import.html */; };
		57F7E49C16881356001156FF /* TG3dObject+Sound.m in Sources */ = {isa = PBXBuildFile; fileRef = 57F7E49B16881356001156FF /* TG3dObject+Sound.m */; };
		57F7E49F1688288A001156FF /* TrackView+Sound.m in Sources */ = {isa = PBXBuildFile; fileRef = 57F7E49E16882889001156FF /* TrackView+Sound.m */; };
		57F855E0167ED84100FF244C /* Menu.m in Sources */ = {isa = PBXBuildFile; fileRef = 571ECFD0167BF86600727A30 /* Menu.m */; };
		57F855E1167ED84100FF244C /* MenuItem.m in Sources */ = {isa = PBXBuildFile; fileRef = 571ECFCD167BF53200727A30 /* MenuItem.m */; };
/* End PBXBuildFile section */

/* Begin PBXFileReference section */
		57019F531685B582007FA38F /* fmod.h */ = {isa = PBXFileReference; fileEncoding = 4; lastKnownFileType = sourcecode.c.h; path = fmod.h; sourceTree = "<group>"; };
		57019F541685B582007FA38F /* fmod.hpp */ = {isa = PBXFileReference; fileEncoding = 4; lastKnownFileType = sourcecode.cpp.h; path = fmod.hpp; sourceTree = "<group>"; };
		57019F551685B582007FA38F /* fmod_codec.h */ = {isa = PBXFileReference; fileEncoding = 4; lastKnownFileType = sourcecode.c.h; path = fmod_codec.h; sourceTree = "<group>"; };
		57019F561685B582007FA38F /* fmod_dsp.h */ = {isa = PBXFileReference; fileEncoding = 4; lastKnownFileType = sourcecode.c.h; path = fmod_dsp.h; sourceTree = "<group>"; };
		57019F571685B582007FA38F /* fmod_errors.h */ = {isa = PBXFileReference; fileEncoding = 4; lastKnownFileType = sourcecode.c.h; path = fmod_errors.h; sourceTree = "<group>"; };
		57019F581685B582007FA38F /* fmod_memoryinfo.h */ = {isa = PBXFileReference; fileEncoding = 4; lastKnownFileType = sourcecode.c.h; path = fmod_memoryinfo.h; sourceTree = "<group>"; };
		57019F591685B582007FA38F /* fmod_output.h */ = {isa = PBXFileReference; fileEncoding = 4; lastKnownFileType = sourcecode.c.h; path = fmod_output.h; sourceTree = "<group>"; };
		57019F5A1685B582007FA38F /* fmodiphone.h */ = {isa = PBXFileReference; fileEncoding = 4; lastKnownFileType = sourcecode.c.h; path = fmodiphone.h; sourceTree = "<group>"; };
		57019F6F1685C042007FA38F /* QuartzCore.framework */ = {isa = PBXFileReference; lastKnownFileType = wrapper.framework; name = QuartzCore.framework; path = System/Library/Frameworks/QuartzCore.framework; sourceTree = SDKROOT; };
		57019F711685C086007FA38F /* AudioToolbox.framework */ = {isa = PBXFileReference; lastKnownFileType = wrapper.framework; name = AudioToolbox.framework; path = System/Library/Frameworks/AudioToolbox.framework; sourceTree = SDKROOT; };
		57019F731685C152007FA38F /* SoundMan.h */ = {isa = PBXFileReference; fileEncoding = 4; lastKnownFileType = sourcecode.c.h; name = SoundMan.h; path = audio/SoundMan.h; sourceTree = "<group>"; };
		57019F741685C152007FA38F /* SoundMan.m */ = {isa = PBXFileReference; fileEncoding = 4; lastKnownFileType = sourcecode.c.objc; name = SoundMan.m; path = audio/SoundMan.m; sourceTree = "<group>"; };
		57019F781685CCC7007FA38F /* Sound.h */ = {isa = PBXFileReference; fileEncoding = 4; lastKnownFileType = sourcecode.c.h; name = Sound.h; path = audio/Sound.h; sourceTree = "<group>"; };
		57019F791685CCC7007FA38F /* Sound.m */ = {isa = PBXFileReference; fileEncoding = 4; lastKnownFileType = sourcecode.c.objc; name = Sound.m; path = audio/Sound.m; sourceTree = "<group>"; };
		57019F7C1685D254007FA38F /* fmod_helper.h */ = {isa = PBXFileReference; lastKnownFileType = sourcecode.c.h; name = fmod_helper.h; path = audio/fmod_helper.h; sourceTree = "<group>"; };
		570665F3167F3D3F0081B8C3 /* squareTest.tif */ = {isa = PBXFileReference; lastKnownFileType = image.tiff; path = squareTest.tif; sourceTree = "<group>"; };
		570665FC167F89640081B8C3 /* MenuView.h */ = {isa = PBXFileReference; fileEncoding = 4; lastKnownFileType = sourcecode.c.h; name = MenuView.h; path = elements/MenuView.h; sourceTree = "<group>"; };
		570665FD167F89640081B8C3 /* MenuView.m */ = {isa = PBXFileReference; fileEncoding = 4; lastKnownFileType = sourcecode.c.objc; name = MenuView.m; path = elements/MenuView.m; sourceTree = "<group>"; };
		571A42FC167C315600CD7E8F /* Graph.h */ = {isa = PBXFileReference; fileEncoding = 4; lastKnownFileType = sourcecode.c.h; path = Graph.h; sourceTree = "<group>"; };
		571A42FD167C315600CD7E8F /* Graph.m */ = {isa = PBXFileReference; fileEncoding = 4; lastKnownFileType = sourcecode.c.objc; path = Graph.m; sourceTree = "<group>"; };
		571ECF99167BE2CE00727A30 /* Tween.h */ = {isa = PBXFileReference; fileEncoding = 4; lastKnownFileType = sourcecode.c.h; path = Tween.h; sourceTree = "<group>"; };
		571ECF9A167BE2CE00727A30 /* Tween.m */ = {isa = PBXFileReference; fileEncoding = 4; lastKnownFileType = sourcecode.c.objc; path = Tween.m; sourceTree = "<group>"; };
		571ECF9B167BE2CE00727A30 /* Tweener.h */ = {isa = PBXFileReference; fileEncoding = 4; lastKnownFileType = sourcecode.c.h; path = Tweener.h; sourceTree = "<group>"; };
		571ECF9C167BE2CE00727A30 /* Tweener.m */ = {isa = PBXFileReference; fileEncoding = 4; lastKnownFileType = sourcecode.c.objc; path = Tweener.m; sourceTree = "<group>"; };
		571ECFC1167BEA5E00727A30 /* aotk-ass-outline-512.tif */ = {isa = PBXFileReference; lastKnownFileType = image.tiff; path = "aotk-ass-outline-512.tif"; sourceTree = "<group>"; };
		571ECFC3167BEC3B00727A30 /* aotk-ass-bare-512.tif */ = {isa = PBXFileReference; lastKnownFileType = image.tiff; path = "aotk-ass-bare-512.tif"; sourceTree = "<group>"; };
		571ECFC9167BF31D00727A30 /* Plane.h */ = {isa = PBXFileReference; fileEncoding = 4; indentWidth = 4; lastKnownFileType = sourcecode.c.h; name = Plane.h; path = elements/Plane.h; sourceTree = "<group>"; tabWidth = 4; usesTabs = 0; wrapsLines = 0; };
		571ECFCA167BF31D00727A30 /* Plane.m */ = {isa = PBXFileReference; fileEncoding = 4; indentWidth = 4; lastKnownFileType = sourcecode.c.objc; name = Plane.m; path = elements/Plane.m; sourceTree = "<group>"; tabWidth = 4; usesTabs = 0; wrapsLines = 0; };
		571ECFCC167BF53200727A30 /* MenuItem.h */ = {isa = PBXFileReference; fileEncoding = 4; lastKnownFileType = sourcecode.c.h; name = MenuItem.h; path = elements/MenuItem.h; sourceTree = "<group>"; };
		571ECFCD167BF53200727A30 /* MenuItem.m */ = {isa = PBXFileReference; fileEncoding = 4; lastKnownFileType = sourcecode.c.objc; name = MenuItem.m; path = elements/MenuItem.m; sourceTree = "<group>"; };
		571ECFCF167BF86600727A30 /* Menu.h */ = {isa = PBXFileReference; fileEncoding = 4; lastKnownFileType = sourcecode.c.h; name = Menu.h; path = elements/Menu.h; sourceTree = "<group>"; };
		571ECFD0167BF86600727A30 /* Menu.m */ = {isa = PBXFileReference; fileEncoding = 4; lastKnownFileType = sourcecode.c.objc; name = Menu.m; path = elements/Menu.m; sourceTree = "<group>"; };
		572198901685381B0062C36F /* TrackView.h */ = {isa = PBXFileReference; fileEncoding = 4; lastKnownFileType = sourcecode.c.h; path = TrackView.h; sourceTree = "<group>"; };
		572198911685381C0062C36F /* TrackView.m */ = {isa = PBXFileReference; fileEncoding = 4; lastKnownFileType = sourcecode.c.objc; path = TrackView.m; sourceTree = "<group>"; };
		5721989416853F9D0062C36F /* View.h */ = {isa = PBXFileReference; fileEncoding = 4; lastKnownFileType = sourcecode.c.h; path = View.h; sourceTree = "<group>"; };
		5721989516853F9D0062C36F /* View.m */ = {isa = PBXFileReference; fileEncoding = 4; lastKnownFileType = sourcecode.c.objc; path = View.m; sourceTree = "<group>"; };
		572D7F2C16832749006D48BF /* SimpleImage.h */ = {isa = PBXFileReference; fileEncoding = 4; lastKnownFileType = sourcecode.c.h; name = SimpleImage.h; path = elements/SimpleImage.h; sourceTree = "<group>"; };
		572D7F2D16832749006D48BF /* SimpleImage.m */ = {isa = PBXFileReference; fileEncoding = 4; lastKnownFileType = sourcecode.c.objc; name = SimpleImage.m; path = elements/SimpleImage.m; sourceTree = "<group>"; };
		572EB1E316786C630062F290 /* Alex.png */ = {isa = PBXFileReference; lastKnownFileType = image.png; path = Alex.png; sourceTree = "<group>"; };
		572EB1E416786C630062F290 /* Default-568h@2x.png */ = {isa = PBXFileReference; lastKnownFileType = image.png; path = "Default-568h@2x.png"; sourceTree = "<group>"; };
		572EB1E516786C630062F290 /* Default.png */ = {isa = PBXFileReference; lastKnownFileType = image.png; path = Default.png; sourceTree = "<group>"; };
		572EB1E616786C630062F290 /* Default@2x.png */ = {isa = PBXFileReference; lastKnownFileType = image.png; path = "Default@2x.png"; sourceTree = "<group>"; };
		572EB1E716786C630062F290 /* faded.png */ = {isa = PBXFileReference; lastKnownFileType = image.png; path = faded.png; sourceTree = "<group>"; };
		572EB1E916786C630062F290 /* audioProp.png */ = {isa = PBXFileReference; lastKnownFileType = image.png; path = audioProp.png; sourceTree = "<group>"; };
		572EB1EA16786C630062F290 /* mood.png */ = {isa = PBXFileReference; lastKnownFileType = image.png; path = mood.png; sourceTree = "<group>"; };
		572EB1EB16786C630062F290 /* newModel.png */ = {isa = PBXFileReference; lastKnownFileType = image.png; path = newModel.png; sourceTree = "<group>"; };
		572EB1EC16786C630062F290 /* photo.png */ = {isa = PBXFileReference; lastKnownFileType = image.png; path = photo.png; sourceTree = "<group>"; };
		572EB1ED16786C630062F290 /* text.png */ = {isa = PBXFileReference; lastKnownFileType = image.png; path = text.png; sourceTree = "<group>"; };
		572EB1EF16786C630062F290 /* InfoPlist.strings */ = {isa = PBXFileReference; fileEncoding = 4; lastKnownFileType = text.plist.strings; path = InfoPlist.strings; sourceTree = "<group>"; };
		572EB1F016786C630062F290 /* MainStoryboard_iPad.storyboard */ = {isa = PBXFileReference; fileEncoding = 4; lastKnownFileType = file.storyboard; path = MainStoryboard_iPad.storyboard; sourceTree = "<group>"; };
		572EB1F116786C630062F290 /* MainStoryboard_iPhone.storyboard */ = {isa = PBXFileReference; fileEncoding = 4; lastKnownFileType = file.storyboard; path = MainStoryboard_iPhone.storyboard; sourceTree = "<group>"; };
		572EB1F416786C630062F290 /* fountain.fsh */ = {isa = PBXFileReference; fileEncoding = 4; lastKnownFileType = sourcecode.glsl; path = fountain.fsh; sourceTree = "<group>"; };
		572EB1F516786C630062F290 /* fountain.vsh */ = {isa = PBXFileReference; fileEncoding = 4; lastKnownFileType = sourcecode.glsl; path = fountain.vsh; sourceTree = "<group>"; };
		572EB1F616786C630062F290 /* hump.fsh */ = {isa = PBXFileReference; fileEncoding = 4; lastKnownFileType = sourcecode.glsl; path = hump.fsh; sourceTree = "<group>"; };
		572EB1F716786C630062F290 /* hump.vsh */ = {isa = PBXFileReference; fileEncoding = 4; lastKnownFileType = sourcecode.glsl; lineEnding = 0; path = hump.vsh; sourceTree = "<group>"; };
		572EB1F916786C630062F290 /* TGAppDelegate.h */ = {isa = PBXFileReference; fileEncoding = 4; lastKnownFileType = sourcecode.c.h; path = TGAppDelegate.h; sourceTree = "<group>"; };
		572EB1FA16786C630062F290 /* TGAppDelegate.m */ = {isa = PBXFileReference; fileEncoding = 4; lastKnownFileType = sourcecode.c.objc; path = TGAppDelegate.m; sourceTree = "<group>"; };
		572EB1FB16786C630062F290 /* TGViewController.h */ = {isa = PBXFileReference; fileEncoding = 4; lastKnownFileType = sourcecode.c.h; path = TGViewController.h; sourceTree = "<group>"; };
		572EB1FC16786C630062F290 /* TGViewController.m */ = {isa = PBXFileReference; fileEncoding = 4; lastKnownFileType = sourcecode.c.objc; name = TGViewController.m; path = src/TGViewController.m; sourceTree = "<group>"; };
		572EB211167878FD0062F290 /* Node.h */ = {isa = PBXFileReference; fileEncoding = 4; lastKnownFileType = sourcecode.c.h; path = Node.h; sourceTree = "<group>"; };
		572EB212167878FD0062F290 /* Node.m */ = {isa = PBXFileReference; fileEncoding = 4; lastKnownFileType = sourcecode.c.objc; path = Node.m; sourceTree = "<group>"; };
		572EB21816787AFF0062F290 /* __Shader.h */ = {isa = PBXFileReference; fileEncoding = 4; lastKnownFileType = sourcecode.c.h; path = __Shader.h; sourceTree = "<group>"; };
		572EB21916787AFF0062F290 /* __Shader.m */ = {isa = PBXFileReference; fileEncoding = 4; lastKnownFileType = sourcecode.c.objc; path = __Shader.m; sourceTree = "<group>"; };
		572EB21B16788C060062F290 /* TimbreGroove-Info.plist */ = {isa = PBXFileReference; fileEncoding = 4; lastKnownFileType = text.plist.xml; name = "TimbreGroove-Info.plist"; path = "TimbreGroove/TimbreGroove-Info.plist"; sourceTree = SOURCE_ROOT; };
		572EB21D16788D170062F290 /* MeshBuffer.h */ = {isa = PBXFileReference; fileEncoding = 4; lastKnownFileType = sourcecode.c.h; path = MeshBuffer.h; sourceTree = "<group>"; };
		572EB21E16788D170062F290 /* MeshBuffer.m */ = {isa = PBXFileReference; fileEncoding = 4; lastKnownFileType = sourcecode.c.objc; path = MeshBuffer.m; sourceTree = "<group>"; };
		572EB2241678BBCA0062F290 /* TG3dObject.h */ = {isa = PBXFileReference; fileEncoding = 4; lastKnownFileType = sourcecode.c.h; path = TG3dObject.h; sourceTree = "<group>"; };
		572EB2251678BBCA0062F290 /* TG3dObject.m */ = {isa = PBXFileReference; fileEncoding = 4; lastKnownFileType = sourcecode.c.objc; path = TG3dObject.m; sourceTree = "<group>"; };
		572EB2271678BF740062F290 /* Camera.h */ = {isa = PBXFileReference; fileEncoding = 4; lastKnownFileType = sourcecode.c.h; path = Camera.h; sourceTree = "<group>"; };
		572EB2281678BF740062F290 /* Camera.m */ = {isa = PBXFileReference; fileEncoding = 4; lastKnownFileType = sourcecode.c.objc; path = Camera.m; sourceTree = "<group>"; };
		572EB2331679EAE40062F290 /* ShaderLocations.h */ = {isa = PBXFileReference; fileEncoding = 4; lastKnownFileType = sourcecode.c.h; path = ShaderLocations.h; sourceTree = "<group>"; };
		572EB2341679EAE40062F290 /* ShaderLocations.m */ = {isa = PBXFileReference; fileEncoding = 4; lastKnownFileType = sourcecode.c.objc; path = ShaderLocations.m; sourceTree = "<group>"; };
		572EB27E167A9B160062F290 /* menus.plist */ = {isa = PBXFileReference; fileEncoding = 4; lastKnownFileType = text.plist.xml; path = menus.plist; sourceTree = "<group>"; };
		5764756A167D5E8C00D5A431 /* __GenericShader.h */ = {isa = PBXFileReference; fileEncoding = 4; lastKnownFileType = sourcecode.c.h; name = __GenericShader.h; path = shaders/__GenericShader.h; sourceTree = "<group>"; };
		5764756B167D5E8C00D5A431 /* __GenericShader.m */ = {isa = PBXFileReference; fileEncoding = 4; lastKnownFileType = sourcecode.c.objc; lineEnding = 0; name = __GenericShader.m; path = shaders/__GenericShader.m; sourceTree = "<group>"; xcLanguageSpecificationIdentifier = xcode.lang.objc; };
		5764756F167D619800D5A431 /* Generic.h */ = {isa = PBXFileReference; fileEncoding = 4; lastKnownFileType = sourcecode.c.h; path = Generic.h; sourceTree = "<group>"; };
		57647570167D619800D5A431 /* Generic.m */ = {isa = PBXFileReference; fileEncoding = 4; lastKnownFileType = sourcecode.c.objc; lineEnding = 0; path = Generic.m; sourceTree = "<group>"; xcLanguageSpecificationIdentifier = xcode.lang.objc; };
		57647572167D7C3C00D5A431 /* generic.vsh */ = {isa = PBXFileReference; fileEncoding = 4; lastKnownFileType = sourcecode.glsl; path = generic.vsh; sourceTree = "<group>"; };
		57647574167D7C4A00D5A431 /* generic.fsh */ = {isa = PBXFileReference; fileEncoding = 4; lastKnownFileType = sourcecode.glsl; path = generic.fsh; sourceTree = "<group>"; };
		57647576167D8AC100D5A431 /* TGTypes.h */ = {isa = PBXFileReference; lastKnownFileType = sourcecode.c.h; lineEnding = 0; path = TGTypes.h; sourceTree = "<group>"; xcLanguageSpecificationIdentifier = xcode.lang.objcpp; };
		57718EF616838D75001D7D35 /* CustomPlane.h */ = {isa = PBXFileReference; fileEncoding = 4; lastKnownFileType = sourcecode.c.h; name = CustomPlane.h; path = elements/CustomPlane.h; sourceTree = "<group>"; };
		57718EF716838D75001D7D35 /* CustomPlane.m */ = {isa = PBXFileReference; fileEncoding = 4; lastKnownFileType = sourcecode.c.objc; name = CustomPlane.m; path = elements/CustomPlane.m; sourceTree = "<group>"; };
		57900682168411640068659F /* Factory.h */ = {isa = PBXFileReference; fileEncoding = 4; lastKnownFileType = sourcecode.c.h; path = Factory.h; sourceTree = "<group>"; };
		57900683168411650068659F /* Factory.m */ = {isa = PBXFileReference; fileEncoding = 4; lastKnownFileType = sourcecode.c.objc; path = Factory.m; sourceTree = "<group>"; };
		5790068616841F3B0068659F /* Interactive.h */ = {isa = PBXFileReference; lastKnownFileType = sourcecode.c.h; path = Interactive.h; sourceTree = "<group>"; };
		57A10E981685E0BE00B80314 /* TG1Band-perc-24k.aif */ = {isa = PBXFileReference; lastKnownFileType = file; name = "TG1Band-perc-24k.aif"; path = "../../../XCode Projects/sounds/TG1Band-perc-24k.aif"; sourceTree = "<group>"; };
		57A10E991685E0BE00B80314 /* TG1Band-pitched-24k.aif */ = {isa = PBXFileReference; lastKnownFileType = file; name = "TG1Band-pitched-24k.aif"; path = "../../../XCode Projects/sounds/TG1Band-pitched-24k.aif"; sourceTree = "<group>"; };
		57A66EEB167B1D1B00B9EA75 /* Texture.h */ = {isa = PBXFileReference; fileEncoding = 4; lastKnownFileType = sourcecode.c.h; path = Texture.h; sourceTree = "<group>"; };
		57A66EEC167B1D1C00B9EA75 /* Texture.m */ = {isa = PBXFileReference; fileEncoding = 4; lastKnownFileType = sourcecode.c.objc; path = Texture.m; sourceTree = "<group>"; };
		57A66EEE167B293E00B9EA75 /* aotk_tex_64.png */ = {isa = PBXFileReference; lastKnownFileType = image.png; path = aotk_tex_64.png; sourceTree = "<group>"; };
		57A66EF4167B374500B9EA75 /* VaryingColor.h */ = {isa = PBXFileReference; fileEncoding = 4; lastKnownFileType = sourcecode.c.h; name = VaryingColor.h; path = elements/VaryingColor.h; sourceTree = "<group>"; };
		57A66EF5167B374500B9EA75 /* VaryingColor.m */ = {isa = PBXFileReference; fileEncoding = 4; lastKnownFileType = sourcecode.c.objc; name = VaryingColor.m; path = elements/VaryingColor.m; sourceTree = "<group>"; };
		57CAF78416891EDA00459353 /* libc++.dylib */ = {isa = PBXFileReference; lastKnownFileType = "compiled.mach-o.dylib"; name = "libc++.dylib"; path = "usr/lib/libc++.dylib"; sourceTree = SDKROOT; };
		57CCFFC016849336003B4A19 /* Text.h */ = {isa = PBXFileReference; fileEncoding = 4; lastKnownFileType = sourcecode.c.h; name = Text.h; path = elements/Text.h; sourceTree = "<group>"; };
		57CCFFC116849336003B4A19 /* Text.m */ = {isa = PBXFileReference; fileEncoding = 4; lastKnownFileType = sourcecode.c.objc; name = Text.m; path = elements/Text.m; sourceTree = "<group>"; };
		57DD3CDA168A5F92005980F6 /* Debug.xcconfig */ = {isa = PBXFileReference; lastKnownFileType = text.xcconfig; name = Debug.xcconfig; path = ../Debug.xcconfig; sourceTree = "<group>"; };
		57DD3CDF168A5FDD005980F6 /* Release.xcconfig */ = {isa = PBXFileReference; lastKnownFileType = text.xcconfig; name = Release.xcconfig; path = ../Release.xcconfig; sourceTree = "<group>"; };
		57DD3CE0168A5FF5005980F6 /* common.xcconfig */ = {isa = PBXFileReference; lastKnownFileType = text.xcconfig; name = common.xcconfig; path = ../common.xcconfig; sourceTree = "<group>"; };
		57DDE231168841680066A754 /* TGAmb1-32k.aif */ = {isa = PBXFileReference; lastKnownFileType = file; name = "TGAmb1-32k.aif"; path = "../../../XCode Projects/sounds/TGAmb1-32k.aif"; sourceTree = "<group>"; };
		57DDE232168841680066A754 /* TGAmb2-32k.aif */ = {isa = PBXFileReference; lastKnownFileType = file; name = "TGAmb2-32k.aif"; path = "../../../XCode Projects/sounds/TGAmb2-32k.aif"; sourceTree = "<group>"; };
		57DDE236168842C00066A754 /* TGAmb3-32k.aif */ = {isa = PBXFileReference; lastKnownFileType = file; name = "TGAmb3-32k.aif"; path = "../../../XCode Projects/sounds/TGAmb3-32k.aif"; sourceTree = "<group>"; };
		57E62E65168433100030908E /* Photo.h */ = {isa = PBXFileReference; fileEncoding = 4; lastKnownFileType = sourcecode.c.h; name = Photo.h; path = elements/Photo.h; sourceTree = "<group>"; };
		57E62E66168433100030908E /* Photo.m */ = {isa = PBXFileReference; fileEncoding = 4; lastKnownFileType = sourcecode.c.objc; name = Photo.m; path = elements/Photo.m; sourceTree = "<group>"; };
		57E7465C1680438300C1D4FF /* EventCapture.h */ = {isa = PBXFileReference; fileEncoding = 4; lastKnownFileType = sourcecode.c.h; path = EventCapture.h; sourceTree = "<group>"; };
		57E7465D1680438300C1D4FF /* EventCapture.m */ = {isa = PBXFileReference; fileEncoding = 4; lastKnownFileType = sourcecode.c.objc; path = EventCapture.m; sourceTree = "<group>"; };
		57E874F316782894008243B2 /* TimbreGroove.app */ = {isa = PBXFileReference; explicitFileType = wrapper.application; includeInIndex = 0; path = TimbreGroove.app; sourceTree = BUILT_PRODUCTS_DIR; };
		57E874F716782894008243B2 /* UIKit.framework */ = {isa = PBXFileReference; lastKnownFileType = wrapper.framework; name = UIKit.framework; path = System/Library/Frameworks/UIKit.framework; sourceTree = SDKROOT; };
		57E874F916782894008243B2 /* Foundation.framework */ = {isa = PBXFileReference; lastKnownFileType = wrapper.framework; name = Foundation.framework; path = System/Library/Frameworks/Foundation.framework; sourceTree = SDKROOT; };
		57E874FB16782894008243B2 /* CoreGraphics.framework */ = {isa = PBXFileReference; lastKnownFileType = wrapper.framework; name = CoreGraphics.framework; path = System/Library/Frameworks/CoreGraphics.framework; sourceTree = SDKROOT; };
		57E874FD16782894008243B2 /* GLKit.framework */ = {isa = PBXFileReference; lastKnownFileType = wrapper.framework; name = GLKit.framework; path = System/Library/Frameworks/GLKit.framework; sourceTree = SDKROOT; };
		57E874FF16782894008243B2 /* OpenGLES.framework */ = {isa = PBXFileReference; lastKnownFileType = wrapper.framework; name = OpenGLES.framework; path = System/Library/Frameworks/OpenGLES.framework; sourceTree = SDKROOT; };
		57E8750716782894008243B2 /* main.m */ = {isa = PBXFileReference; lastKnownFileType = sourcecode.c.objc; path = main.m; sourceTree = "<group>"; };
		57E8750916782894008243B2 /* TimbreGroove-Prefix.pch */ = {isa = PBXFileReference; lastKnownFileType = sourcecode.c.h; path = "TimbreGroove-Prefix.pch"; sourceTree = "<group>"; };
		57E87525167829BB008243B2 /* Alex-icon.png */ = {isa = PBXFileReference; lastKnownFileType = image.png; path = "Alex-icon.png"; sourceTree = "<group>"; };
		57F412F1168167F700D9DC67 /* Sphere.h */ = {isa = PBXFileReference; fileEncoding = 4; lastKnownFileType = sourcecode.c.h; name = Sphere.h; path = elements/Sphere.h; sourceTree = "<group>"; };
		57F412F2168167F700D9DC67 /* Sphere.m */ = {isa = PBXFileReference; fileEncoding = 4; lastKnownFileType = sourcecode.c.objc; name = Sphere.m; path = elements/Sphere.m; sourceTree = "<group>"; };
		57F412FB1681E7D200D9DC67 /* js_import.html */ = {isa = PBXFileReference; fileEncoding = 4; lastKnownFileType = text.html; name = js_import.html; path = TimbreGroove/shaders/js_import.html; sourceTree = SOURCE_ROOT; };
		57F7E49A16881356001156FF /* TG3dObject+Sound.h */ = {isa = PBXFileReference; fileEncoding = 4; lastKnownFileType = sourcecode.c.h; name = "TG3dObject+Sound.h"; path = "audio/TG3dObject+Sound.h"; sourceTree = "<group>"; };
		57F7E49B16881356001156FF /* TG3dObject+Sound.m */ = {isa = PBXFileReference; fileEncoding = 4; lastKnownFileType = sourcecode.c.objc; name = "TG3dObject+Sound.m"; path = "audio/TG3dObject+Sound.m"; sourceTree = "<group>"; };
		57F7E49D16882889001156FF /* TrackView+Sound.h */ = {isa = PBXFileReference; fileEncoding = 4; lastKnownFileType = sourcecode.c.h; name = "TrackView+Sound.h"; path = "audio/TrackView+Sound.h"; sourceTree = "<group>"; };
		57F7E49E16882889001156FF /* TrackView+Sound.m */ = {isa = PBXFileReference; fileEncoding = 4; lastKnownFileType = sourcecode.c.objc; name = "TrackView+Sound.m"; path = "audio/TrackView+Sound.m"; sourceTree = "<group>"; };
/* End PBXFileReference section */

/* Begin PBXFrameworksBuildPhase section */
		57E874F016782894008243B2 /* Frameworks */ = {
			isa = PBXFrameworksBuildPhase;
			buildActionMask = 2147483647;
			files = (
				57CAF78516891EDB00459353 /* libc++.dylib in Frameworks */,
				57019F721685C086007FA38F /* AudioToolbox.framework in Frameworks */,
				57019F701685C042007FA38F /* QuartzCore.framework in Frameworks */,
				57E874F816782894008243B2 /* UIKit.framework in Frameworks */,
				57E874FA16782894008243B2 /* Foundation.framework in Frameworks */,
				57E874FC16782894008243B2 /* CoreGraphics.framework in Frameworks */,
				57E874FE16782894008243B2 /* GLKit.framework in Frameworks */,
				57E8750016782894008243B2 /* OpenGLES.framework in Frameworks */,
			);
			runOnlyForDeploymentPostprocessing = 0;
		};
/* End PBXFrameworksBuildPhase section */

/* Begin PBXGroup section */
		57019F511685B582007FA38F /* fmod (api) */ = {
			isa = PBXGroup;
			children = (
				57019F521685B582007FA38F /* inc */,
			);
			name = "fmod (api)";
			path = api;
			sourceTree = "<group>";
		};
		57019F521685B582007FA38F /* inc */ = {
			isa = PBXGroup;
			children = (
				57019F531685B582007FA38F /* fmod.h */,
				57019F541685B582007FA38F /* fmod.hpp */,
				57019F551685B582007FA38F /* fmod_codec.h */,
				57019F561685B582007FA38F /* fmod_dsp.h */,
				57019F571685B582007FA38F /* fmod_errors.h */,
				57019F581685B582007FA38F /* fmod_memoryinfo.h */,
				57019F591685B582007FA38F /* fmod_output.h */,
				57019F5A1685B582007FA38F /* fmodiphone.h */,
			);
			path = inc;
			sourceTree = "<group>";
		};
		57019F761685C15B007FA38F /* audio */ = {
			isa = PBXGroup;
			children = (
				57019F7C1685D254007FA38F /* fmod_helper.h */,
				57019F781685CCC7007FA38F /* Sound.h */,
				57019F791685CCC7007FA38F /* Sound.m */,
				57019F731685C152007FA38F /* SoundMan.h */,
				57019F741685C152007FA38F /* SoundMan.m */,
				57F7E49A16881356001156FF /* TG3dObject+Sound.h */,
				57F7E49B16881356001156FF /* TG3dObject+Sound.m */,
				57F7E49D16882889001156FF /* TrackView+Sound.h */,
				57F7E49E16882889001156FF /* TrackView+Sound.m */,
			);
			name = audio;
			sourceTree = "<group>";
		};
		57019F771685C318007FA38F /* UI */ = {
			isa = PBXGroup;
			children = (
				572EB2271678BF740062F290 /* Camera.h */,
				572EB2281678BF740062F290 /* Camera.m */,
				57E7465C1680438300C1D4FF /* EventCapture.h */,
				57E7465D1680438300C1D4FF /* EventCapture.m */,
				57900682168411640068659F /* Factory.h */,
				57900683168411650068659F /* Factory.m */,
				571A42FC167C315600CD7E8F /* Graph.h */,
				571A42FD167C315600CD7E8F /* Graph.m */,
				5790068616841F3B0068659F /* Interactive.h */,
				572EB21D16788D170062F290 /* MeshBuffer.h */,
				572EB21E16788D170062F290 /* MeshBuffer.m */,
				572EB211167878FD0062F290 /* Node.h */,
				572EB212167878FD0062F290 /* Node.m */,
				572EB21816787AFF0062F290 /* __Shader.h */,
				572EB21916787AFF0062F290 /* __Shader.m */,
				572EB2331679EAE40062F290 /* ShaderLocations.h */,
				572EB2341679EAE40062F290 /* ShaderLocations.m */,
				57A66EEB167B1D1B00B9EA75 /* Texture.h */,
				57A66EEC167B1D1C00B9EA75 /* Texture.m */,
				572EB2241678BBCA0062F290 /* TG3dObject.h */,
				572EB2251678BBCA0062F290 /* TG3dObject.m */,
				572EB1F916786C630062F290 /* TGAppDelegate.h */,
				572EB1FA16786C630062F290 /* TGAppDelegate.m */,
				57647576167D8AC100D5A431 /* TGTypes.h */,
				572EB1FB16786C630062F290 /* TGViewController.h */,
				572198901685381B0062C36F /* TrackView.h */,
				572198911685381C0062C36F /* TrackView.m */,
				5721989416853F9D0062C36F /* View.h */,
				5721989516853F9D0062C36F /* View.m */,
			);
			name = UI;
			sourceTree = "<group>";
		};
		571ECF97167BE2CE00727A30 /* contrib */ = {
			isa = PBXGroup;
			children = (
				57019F511685B582007FA38F /* fmod (api) */,
				57F412FB1681E7D200D9DC67 /* js_import.html */,
				571ECF98167BE2CE00727A30 /* tweener */,
			);
			name = contrib;
			path = src/contrib;
			sourceTree = "<group>";
		};
		571ECF98167BE2CE00727A30 /* tweener */ = {
			isa = PBXGroup;
			children = (
				571ECF99167BE2CE00727A30 /* Tween.h */,
				571ECF9A167BE2CE00727A30 /* Tween.m */,
				571ECF9B167BE2CE00727A30 /* Tweener.h */,
				571ECF9C167BE2CE00727A30 /* Tweener.m */,
			);
			path = tweener;
			sourceTree = "<group>";
		};
		572D7F2B1683033D006D48BF /* generic */ = {
			isa = PBXGroup;
			children = (
				5764756A167D5E8C00D5A431 /* __GenericShader.h */,
				5764756B167D5E8C00D5A431 /* __GenericShader.m */,
				5764756F167D619800D5A431 /* Generic.h */,
				57647570167D619800D5A431 /* Generic.m */,
			);
			name = generic;
			sourceTree = "<group>";
		};
		572EB1E116786C630062F290 /* media */ = {
			isa = PBXGroup;
			children = (
				57A10E961685E08300B80314 /* audio */,
				572EB1E216786C630062F290 /* images */,
			);
			path = media;
			sourceTree = "<group>";
		};
		572EB1E216786C630062F290 /* images */ = {
			isa = PBXGroup;
			children = (
				570665F3167F3D3F0081B8C3 /* squareTest.tif */,
				571ECFC3167BEC3B00727A30 /* aotk-ass-bare-512.tif */,
				571ECFC1167BEA5E00727A30 /* aotk-ass-outline-512.tif */,
				57A66EEE167B293E00B9EA75 /* aotk_tex_64.png */,
				572EB1E316786C630062F290 /* Alex.png */,
				572EB1E416786C630062F290 /* Default-568h@2x.png */,
				572EB1E516786C630062F290 /* Default.png */,
				572EB1E616786C630062F290 /* Default@2x.png */,
				572EB1E716786C630062F290 /* faded.png */,
				572EB1E816786C630062F290 /* menu */,
			);
			path = images;
			sourceTree = "<group>";
		};
		572EB1E816786C630062F290 /* menu */ = {
			isa = PBXGroup;
			children = (
				572EB1E916786C630062F290 /* audioProp.png */,
				572EB1EA16786C630062F290 /* mood.png */,
				572EB1EB16786C630062F290 /* newModel.png */,
				572EB1EC16786C630062F290 /* photo.png */,
				572EB1ED16786C630062F290 /* text.png */,
			);
			path = menu;
			sourceTree = "<group>";
		};
		572EB1EE16786C630062F290 /* resources */ = {
			isa = PBXGroup;
			children = (
				572EB27E167A9B160062F290 /* menus.plist */,
				572EB21B16788C060062F290 /* TimbreGroove-Info.plist */,
				572EB1EF16786C630062F290 /* InfoPlist.strings */,
				572EB1F016786C630062F290 /* MainStoryboard_iPad.storyboard */,
				572EB1F116786C630062F290 /* MainStoryboard_iPhone.storyboard */,
			);
			path = resources;
			sourceTree = "<group>";
		};
		572EB1F316786C630062F290 /* shaders */ = {
			isa = PBXGroup;
			children = (
				572EB1F416786C630062F290 /* fountain.fsh */,
				572EB1F516786C630062F290 /* fountain.vsh */,
				57647574167D7C4A00D5A431 /* generic.fsh */,
				57647572167D7C3C00D5A431 /* generic.vsh */,
				572EB1F616786C630062F290 /* hump.fsh */,
				572EB1F716786C630062F290 /* hump.vsh */,
			);
			path = shaders;
			sourceTree = "<group>";
		};
		572EB1F816786C630062F290 /* src */ = {
			isa = PBXGroup;
			children = (
				57F412F016814EBB00D9DC67 /* menu */,
				5764756E167D616100D5A431 /* shaders */,
				572EB287167AAD1C0062F290 /* elements */,
				57019F761685C15B007FA38F /* audio */,
				57019F771685C318007FA38F /* UI */,
			);
			path = src;
			sourceTree = "<group>";
		};
		572EB287167AAD1C0062F290 /* elements */ = {
			isa = PBXGroup;
			children = (
				572D7F2B1683033D006D48BF /* generic */,
				57718EF616838D75001D7D35 /* CustomPlane.h */,
				57718EF716838D75001D7D35 /* CustomPlane.m */,
				57E62E65168433100030908E /* Photo.h */,
				57E62E66168433100030908E /* Photo.m */,
				571ECFC9167BF31D00727A30 /* Plane.h */,
				571ECFCA167BF31D00727A30 /* Plane.m */,
				572D7F2C16832749006D48BF /* SimpleImage.h */,
				572D7F2D16832749006D48BF /* SimpleImage.m */,
				57F412F1168167F700D9DC67 /* Sphere.h */,
				57F412F2168167F700D9DC67 /* Sphere.m */,
				57CCFFC016849336003B4A19 /* Text.h */,
				57CCFFC116849336003B4A19 /* Text.m */,
				57A66EF4167B374500B9EA75 /* VaryingColor.h */,
				57A66EF5167B374500B9EA75 /* VaryingColor.m */,
			);
			name = elements;
			sourceTree = "<group>";
		};
		5764756E167D616100D5A431 /* shaders */ = {
			isa = PBXGroup;
			children = (
			);
			name = shaders;
			sourceTree = "<group>";
		};
		57A10E961685E08300B80314 /* audio */ = {
			isa = PBXGroup;
			children = (
				57DDE231168841680066A754 /* TGAmb1-32k.aif */,
				57DDE232168841680066A754 /* TGAmb2-32k.aif */,
				57DDE236168842C00066A754 /* TGAmb3-32k.aif */,
				57A10E981685E0BE00B80314 /* TG1Band-perc-24k.aif */,
				57A10E991685E0BE00B80314 /* TG1Band-pitched-24k.aif */,
			);
			name = audio;
			sourceTree = "<group>";
		};
		57E874E816782894008243B2 = {
			isa = PBXGroup;
			children = (
				57E87525167829BB008243B2 /* Alex-icon.png */,
				57E8750116782894008243B2 /* TimbreGroove */,
				57E874F616782894008243B2 /* Frameworks */,
				57E874F416782894008243B2 /* Products */,
			);
			sourceTree = "<group>";
		};
		57E874F416782894008243B2 /* Products */ = {
			isa = PBXGroup;
			children = (
				57E874F316782894008243B2 /* TimbreGroove.app */,
			);
			name = Products;
			sourceTree = "<group>";
		};
		57E874F616782894008243B2 /* Frameworks */ = {
			isa = PBXGroup;
			children = (
				57CAF78416891EDA00459353 /* libc++.dylib */,
				57019F711685C086007FA38F /* AudioToolbox.framework */,
				57019F6F1685C042007FA38F /* QuartzCore.framework */,
				57E874F716782894008243B2 /* UIKit.framework */,
				57E874F916782894008243B2 /* Foundation.framework */,
				57E874FB16782894008243B2 /* CoreGraphics.framework */,
				57E874FD16782894008243B2 /* GLKit.framework */,
				57E874FF16782894008243B2 /* OpenGLES.framework */,
			);
			name = Frameworks;
			sourceTree = "<group>";
		};
		57E8750116782894008243B2 /* TimbreGroove */ = {
			isa = PBXGroup;
			children = (
				572EB1F816786C630062F290 /* src */,
				572EB1FC16786C630062F290 /* TGViewController.m */,
				571ECF97167BE2CE00727A30 /* contrib */,
				572EB1F316786C630062F290 /* shaders */,
				572EB1E116786C630062F290 /* media */,
				572EB1EE16786C630062F290 /* resources */,
				57E8750216782894008243B2 /* Supporting Files */,
			);
			path = TimbreGroove;
			sourceTree = "<group>";
		};
		57E8750216782894008243B2 /* Supporting Files */ = {
			isa = PBXGroup;
			children = (
				57DD3CDA168A5F92005980F6 /* Debug.xcconfig */,
				57DD3CDF168A5FDD005980F6 /* Release.xcconfig */,
				57DD3CE0168A5FF5005980F6 /* common.xcconfig */,
				57E8750716782894008243B2 /* main.m */,
				57E8750916782894008243B2 /* TimbreGroove-Prefix.pch */,
			);
			name = "Supporting Files";
			sourceTree = "<group>";
		};
		57F412F016814EBB00D9DC67 /* menu */ = {
			isa = PBXGroup;
			children = (
				571ECFCF167BF86600727A30 /* Menu.h */,
				571ECFD0167BF86600727A30 /* Menu.m */,
				571ECFCC167BF53200727A30 /* MenuItem.h */,
				571ECFCD167BF53200727A30 /* MenuItem.m */,
				570665FC167F89640081B8C3 /* MenuView.h */,
				570665FD167F89640081B8C3 /* MenuView.m */,
			);
			name = menu;
			sourceTree = "<group>";
		};
/* End PBXGroup section */

/* Begin PBXNativeTarget section */
		57E874F216782894008243B2 /* TimbreGroove */ = {
			isa = PBXNativeTarget;
			buildConfigurationList = 57E8752216782894008243B2 /* Build configuration list for PBXNativeTarget "TimbreGroove" */;
			buildPhases = (
				57E874EF16782894008243B2 /* Sources */,
				57E874F016782894008243B2 /* Frameworks */,
				57E874F116782894008243B2 /* Resources */,
			);
			buildRules = (
			);
			dependencies = (
			);
			name = TimbreGroove;
			productName = TimbreGroove;
			productReference = 57E874F316782894008243B2 /* TimbreGroove.app */;
			productType = "com.apple.product-type.application";
		};
/* End PBXNativeTarget section */

/* Begin PBXProject section */
		57E874EA16782894008243B2 /* Project object */ = {
			isa = PBXProject;
			attributes = {
				CLASSPREFIX = TG;
				LastUpgradeCheck = 0450;
				ORGANIZATIONNAME = "Ass Over Tea Kettle";
			};
			buildConfigurationList = 57E874ED16782894008243B2 /* Build configuration list for PBXProject "TimbreGroove" */;
			compatibilityVersion = "Xcode 3.2";
			developmentRegion = English;
			hasScannedForEncodings = 0;
			knownRegions = (
				en,
			);
			mainGroup = 57E874E816782894008243B2;
			productRefGroup = 57E874F416782894008243B2 /* Products */;
			projectDirPath = "";
			projectRoot = "";
			targets = (
				57E874F216782894008243B2 /* TimbreGroove */,
			);
		};
/* End PBXProject section */

/* Begin PBXResourcesBuildPhase section */
		57E874F116782894008243B2 /* Resources */ = {
			isa = PBXResourcesBuildPhase;
			buildActionMask = 2147483647;
			files = (
				57647577167D97EC00D5A431 /* generic.fsh in Resources */,
				57647578167D97EC00D5A431 /* generic.vsh in Resources */,
				572EB290167AC0020062F290 /* fountain.fsh in Resources */,
				572EB291167AC0020062F290 /* fountain.vsh in Resources */,
				572EB292167AC0020062F290 /* hump.fsh in Resources */,
				572EB293167AC0020062F290 /* hump.vsh in Resources */,
				57E87526167829BB008243B2 /* Alex-icon.png in Resources */,
				572EB1FD16786C630062F290 /* Alex.png in Resources */,
				572EB1FE16786C630062F290 /* Default-568h@2x.png in Resources */,
				572EB1FF16786C630062F290 /* Default.png in Resources */,
				572EB20016786C630062F290 /* Default@2x.png in Resources */,
				572EB20116786C630062F290 /* faded.png in Resources */,
				572EB20216786C630062F290 /* audioProp.png in Resources */,
				572EB20316786C630062F290 /* mood.png in Resources */,
				572EB20416786C630062F290 /* newModel.png in Resources */,
				572EB20516786C630062F290 /* photo.png in Resources */,
				572EB20616786C630062F290 /* text.png in Resources */,
				572EB20716786C630062F290 /* InfoPlist.strings in Resources */,
				572EB20816786C630062F290 /* MainStoryboard_iPad.storyboard in Resources */,
				572EB20916786C630062F290 /* MainStoryboard_iPhone.storyboard in Resources */,
				572EB27F167A9B160062F290 /* menus.plist in Resources */,
				57A66EEF167B293E00B9EA75 /* aotk_tex_64.png in Resources */,
				571ECFC2167BEA5E00727A30 /* aotk-ass-outline-512.tif in Resources */,
				571ECFC4167BEC3B00727A30 /* aotk-ass-bare-512.tif in Resources */,
				570665F4167F3D3F0081B8C3 /* squareTest.tif in Resources */,
				57F412FC1681E7D300D9DC67 /* js_import.html in Resources */,
				57A10E9A1685E0BE00B80314 /* TG1Band-perc-24k.aif in Resources */,
				57A10E9B1685E0BE00B80314 /* TG1Band-pitched-24k.aif in Resources */,
				57DDE233168841680066A754 /* TGAmb1-32k.aif in Resources */,
				57DDE234168841680066A754 /* TGAmb2-32k.aif in Resources */,
				57DDE237168842C00066A754 /* TGAmb3-32k.aif in Resources */,
			);
			runOnlyForDeploymentPostprocessing = 0;
		};
/* End PBXResourcesBuildPhase section */

/* Begin PBXSourcesBuildPhase section */
		57E874EF16782894008243B2 /* Sources */ = {
			isa = PBXSourcesBuildPhase;
			buildActionMask = 2147483647;
			files = (
				57F855E0167ED84100FF244C /* Menu.m in Sources */,
				57F855E1167ED84100FF244C /* MenuItem.m in Sources */,
				5717F94B167EBFAC00D8054B /* Plane.m in Sources */,
				576F8AC7167E92C000DF208E /* VaryingColor.m in Sources */,
				57E8750816782894008243B2 /* main.m in Sources */,
				572EB20F16786C630062F290 /* TGAppDelegate.m in Sources */,
				572EB21016786C630062F290 /* TGViewController.m in Sources */,
				572EB213167878FD0062F290 /* Node.m in Sources */,
				572EB21A16787AFF0062F290 /* __Shader.m in Sources */,
				572EB21F16788D170062F290 /* MeshBuffer.m in Sources */,
				572EB2261678BBCA0062F290 /* TG3dObject.m in Sources */,
				572EB2291678BF740062F290 /* Camera.m in Sources */,
				572EB2351679EAE40062F290 /* ShaderLocations.m in Sources */,
				57A66EED167B1D1C00B9EA75 /* Texture.m in Sources */,
				571ECF9D167BE2CE00727A30 /* Tween.m in Sources */,
				571ECF9E167BE2CE00727A30 /* Tweener.m in Sources */,
				571A42FE167C315700CD7E8F /* Graph.m in Sources */,
				5764756C167D5E8C00D5A431 /* __GenericShader.m in Sources */,
				57647571167D619800D5A431 /* Generic.m in Sources */,
				570665FE167F89640081B8C3 /* MenuView.m in Sources */,
				57E7465E1680438300C1D4FF /* EventCapture.m in Sources */,
				57F412F3168167F700D9DC67 /* Sphere.m in Sources */,
				572D7F2E16832749006D48BF /* SimpleImage.m in Sources */,
				57718EF816838D75001D7D35 /* CustomPlane.m in Sources */,
				57900684168411660068659F /* Factory.m in Sources */,
				57E62E67168433100030908E /* Photo.m in Sources */,
				57CCFFC216849337003B4A19 /* Text.m in Sources */,
				572198921685381C0062C36F /* TrackView.m in Sources */,
				5721989616853F9E0062C36F /* View.m in Sources */,
				57019F751685C152007FA38F /* SoundMan.m in Sources */,
				57019F7A1685CCC7007FA38F /* Sound.m in Sources */,
				57F7E49C16881356001156FF /* TG3dObject+Sound.m in Sources */,
				57F7E49F1688288A001156FF /* TrackView+Sound.m in Sources */,
			);
			runOnlyForDeploymentPostprocessing = 0;
		};
/* End PBXSourcesBuildPhase section */

/* Begin XCBuildConfiguration section */
		57E8752016782894008243B2 /* Debug */ = {
			isa = XCBuildConfiguration;
			buildSettings = {
				ALWAYS_SEARCH_USER_PATHS = YES;
				CLANG_CXX_LANGUAGE_STANDARD = "gnu++0x";
				CLANG_CXX_LIBRARY = "libc++";
				CLANG_ENABLE_OBJC_ARC = YES;
				CLANG_WARN_EMPTY_BODY = YES;
				CLANG_WARN__DUPLICATE_METHOD_MATCH = YES;
				"CODE_SIGN_IDENTITY[sdk=iphoneos*]" = "iPhone Developer";
				COPY_PHASE_STRIP = NO;
				GCC_C_LANGUAGE_STANDARD = gnu99;
				GCC_DYNAMIC_NO_PIC = NO;
				GCC_OPTIMIZATION_LEVEL = 0;
				GCC_PREPROCESSOR_DEFINITIONS = (
					"DEBUG=1",
					"$(inherited)",
				);
				GCC_SYMBOLS_PRIVATE_EXTERN = NO;
				GCC_WARN_ABOUT_RETURN_TYPE = YES;
				GCC_WARN_UNINITIALIZED_AUTOS = YES;
				GCC_WARN_UNUSED_VARIABLE = YES;
				IPHONEOS_DEPLOYMENT_TARGET = 6.0;
				ONLY_ACTIVE_ARCH = YES;
				SCAN_ALL_SOURCE_FILES_FOR_INCLUDES = YES;
				SDKROOT = iphoneos;
				TARGETED_DEVICE_FAMILY = "1,2";
			};
			name = Debug;
		};
		57E8752116782894008243B2 /* Release */ = {
			isa = XCBuildConfiguration;
			buildSettings = {
				ALWAYS_SEARCH_USER_PATHS = YES;
				CLANG_CXX_LANGUAGE_STANDARD = "gnu++0x";
				CLANG_CXX_LIBRARY = "libc++";
				CLANG_ENABLE_OBJC_ARC = YES;
				CLANG_WARN_EMPTY_BODY = YES;
				CLANG_WARN__DUPLICATE_METHOD_MATCH = YES;
				"CODE_SIGN_IDENTITY[sdk=iphoneos*]" = "iPhone Developer";
				COPY_PHASE_STRIP = YES;
				GCC_C_LANGUAGE_STANDARD = gnu99;
				GCC_WARN_ABOUT_RETURN_TYPE = YES;
				GCC_WARN_UNINITIALIZED_AUTOS = YES;
				GCC_WARN_UNUSED_VARIABLE = YES;
				IPHONEOS_DEPLOYMENT_TARGET = 6.0;
				OTHER_CFLAGS = "-DNS_BLOCK_ASSERTIONS=1";
				SCAN_ALL_SOURCE_FILES_FOR_INCLUDES = YES;
				SDKROOT = iphoneos;
				TARGETED_DEVICE_FAMILY = "1,2";
				VALIDATE_PRODUCT = YES;
			};
			name = Release;
		};
		57E8752316782894008243B2 /* Debug */ = {
			isa = XCBuildConfiguration;
			baseConfigurationReference = 57DD3CDA168A5F92005980F6 /* Debug.xcconfig */;
			buildSettings = {
				GCC_PRECOMPILE_PREFIX_HEADER = YES;
				GCC_PREFIX_HEADER = "TimbreGroove/TimbreGroove-Prefix.pch";
				INFOPLIST_FILE = "TimbreGroove/TimbreGroove-Info.plist";
				PRODUCT_NAME = "$(TARGET_NAME)";
				WRAPPER_EXTENSION = app;
			};
			name = Debug;
		};
		57E8752416782894008243B2 /* Release */ = {
			isa = XCBuildConfiguration;
			baseConfigurationReference = 57DD3CDF168A5FDD005980F6 /* Release.xcconfig */;
			buildSettings = {
				GCC_PRECOMPILE_PREFIX_HEADER = YES;
				GCC_PREFIX_HEADER = "TimbreGroove/TimbreGroove-Prefix.pch";
				INFOPLIST_FILE = "TimbreGroove/TimbreGroove-Info.plist";
				PRODUCT_NAME = "$(TARGET_NAME)";
				WRAPPER_EXTENSION = app;
			};
			name = Release;
		};
/* End XCBuildConfiguration section */

/* Begin XCConfigurationList section */
		57E874ED16782894008243B2 /* Build configuration list for PBXProject "TimbreGroove" */ = {
			isa = XCConfigurationList;
			buildConfigurations = (
				57E8752016782894008243B2 /* Debug */,
				57E8752116782894008243B2 /* Release */,
			);
			defaultConfigurationIsVisible = 0;
			defaultConfigurationName = Release;
		};
		57E8752216782894008243B2 /* Build configuration list for PBXNativeTarget "TimbreGroove" */ = {
			isa = XCConfigurationList;
			buildConfigurations = (
				57E8752316782894008243B2 /* Debug */,
				57E8752416782894008243B2 /* Release */,
			);
			defaultConfigurationIsVisible = 0;
			defaultConfigurationName = Release;
		};
/* End XCConfigurationList section */
	};
	rootObject = 57E874EA16782894008243B2 /* Project object */;
}
